
Microsoft Visual Studio Solution File, Format Version 12.00
# Visual Studio 15
VisualStudioVersion = 15.0.28307.705
MinimumVisualStudioVersion = 10.0.40219.1
Project("{FAE04EC0-301F-11D3-BF4B-00C04F79EFBC}") = "NetCore.RestAPIDapper", "NetCore.RestAPIDapper\NetCore.RestAPIDapper.csproj", "{7E5F85BF-B996-403F-AA0C-7E338EFFA39C}"
EndProject
Global
	GlobalSection(SolutionConfigurationPlatforms) = preSolution
		Debug|Any CPU = Debug|Any CPU
		Release|Any CPU = Release|Any CPU
	EndGlobalSection
	GlobalSection(ProjectConfigurationPlatforms) = postSolution
		{7E5F85BF-B996-403F-AA0C-7E338EFFA39C}.Debug|Any CPU.ActiveCfg = Debug|Any CPU
		{7E5F85BF-B996-403F-AA0C-7E338EFFA39C}.Debug|Any CPU.Build.0 = Debug|Any CPU
		{7E5F85BF-B996-403F-AA0C-7E338EFFA39C}.Release|Any CPU.ActiveCfg = Release|Any CPU
		{7E5F85BF-B996-403F-AA0C-7E338EFFA39C}.Release|Any CPU.Build.0 = Release|Any CPU
	EndGlobalSection
	GlobalSection(SolutionProperties) = preSolution
		HideSolutionNode = FALSE
	EndGlobalSection
	GlobalSection(ExtensibilityGlobals) = postSolution
		SolutionGuid = {94F1676C-7675-4B90-9315-7BBEDBF5044E}
	EndGlobalSection
EndGlobal
